
Microsoft Visual Studio Solution File, Format Version 12.00
# Visual Studio Version 17
VisualStudioVersion = 17.6.33829.357
MinimumVisualStudioVersion = 10.0.40219.1
Project("{FAE04EC0-301F-11D3-BF4B-00C04F79EFBC}") = "Divisima.DAL", "Divisima.DAL\Divisima.DAL.csproj", "{C2BBB74A-7FCA-4EC6-8FEE-CCC9C5BC27D8}"
EndProject
Project("{FAE04EC0-301F-11D3-BF4B-00C04F79EFBC}") = "Divisima.BL", "Divisima.BL\Divisima.BL.csproj", "{15891D8D-B324-4076-896B-14327E5D67F8}"
EndProject
Project("{FAE04EC0-301F-11D3-BF4B-00C04F79EFBC}") = "Divisima.WebUI", "Divisima.WebUI\Divisima.WebUI.csproj", "{01393705-757A-4063-A10E-CE0D0C31B54B}"
EndProject
Project("{FAE04EC0-301F-11D3-BF4B-00C04F79EFBC}") = "Divisima.WebAPI", "Divisima.WebAPI\Divisima.WebAPI.csproj", "{3EFBFDC0-BCDE-490D-B3BD-EC65BB1E8DD4}"
EndProject
Global
	GlobalSection(SolutionConfigurationPlatforms) = preSolution
		Debug|Any CPU = Debug|Any CPU
		Release|Any CPU = Release|Any CPU
	EndGlobalSection
	GlobalSection(ProjectConfigurationPlatforms) = postSolution
		{C2BBB74A-7FCA-4EC6-8FEE-CCC9C5BC27D8}.Debug|Any CPU.ActiveCfg = Debug|Any CPU
		{C2BBB74A-7FCA-4EC6-8FEE-CCC9C5BC27D8}.Debug|Any CPU.Build.0 = Debug|Any CPU
		{C2BBB74A-7FCA-4EC6-8FEE-CCC9C5BC27D8}.Release|Any CPU.ActiveCfg = Release|Any CPU
		{C2BBB74A-7FCA-4EC6-8FEE-CCC9C5BC27D8}.Release|Any CPU.Build.0 = Release|Any CPU
		{15891D8D-B324-4076-896B-14327E5D67F8}.Debug|Any CPU.ActiveCfg = Debug|Any CPU
		{15891D8D-B324-4076-896B-14327E5D67F8}.Debug|Any CPU.Build.0 = Debug|Any CPU
		{15891D8D-B324-4076-896B-14327E5D67F8}.Release|Any CPU.ActiveCfg = Release|Any CPU
		{15891D8D-B324-4076-896B-14327E5D67F8}.Release|Any CPU.Build.0 = Release|Any CPU
		{01393705-757A-4063-A10E-CE0D0C31B54B}.Debug|Any CPU.ActiveCfg = Debug|Any CPU
		{01393705-757A-4063-A10E-CE0D0C31B54B}.Debug|Any CPU.Build.0 = Debug|Any CPU
		{01393705-757A-4063-A10E-CE0D0C31B54B}.Release|Any CPU.ActiveCfg = Release|Any CPU
		{01393705-757A-4063-A10E-CE0D0C31B54B}.Release|Any CPU.Build.0 = Release|Any CPU
		{3EFBFDC0-BCDE-490D-B3BD-EC65BB1E8DD4}.Debug|Any CPU.ActiveCfg = Debug|Any CPU
		{3EFBFDC0-BCDE-490D-B3BD-EC65BB1E8DD4}.Debug|Any CPU.Build.0 = Debug|Any CPU
		{3EFBFDC0-BCDE-490D-B3BD-EC65BB1E8DD4}.Release|Any CPU.ActiveCfg = Release|Any CPU
		{3EFBFDC0-BCDE-490D-B3BD-EC65BB1E8DD4}.Release|Any CPU.Build.0 = Release|Any CPU
	EndGlobalSection
	GlobalSection(SolutionProperties) = preSolution
		HideSolutionNode = FALSE
	EndGlobalSection
	GlobalSection(ExtensibilityGlobals) = postSolution
		SolutionGuid = {76DB828C-4813-481B-A2F2-519322E1FF4E}
	EndGlobalSection
EndGlobal
